
Microsoft Visual Studio Solution File, Format Version 12.00
# Visual Studio Version 16
VisualStudioVersion = 16.0.29806.167
MinimumVisualStudioVersion = 10.0.40219.1
Project("{FAE04EC0-301F-11D3-BF4B-00C04F79EFBC}") = "UD_Regions", "UD_Regions.csproj", "{1260A73D-D28C-4BA8-A60B-446F54FBE376}"
EndProject
Global
	GlobalSection(SolutionConfigurationPlatforms) = preSolution
		Debug|Any CPU = Debug|Any CPU
		Release|Any CPU = Release|Any CPU
	EndGlobalSection
	GlobalSection(ProjectConfigurationPlatforms) = postSolution
		{1260A73D-D28C-4BA8-A60B-446F54FBE376}.Debug|Any CPU.ActiveCfg = Debug|Any CPU
		{1260A73D-D28C-4BA8-A60B-446F54FBE376}.Debug|Any CPU.Build.0 = Debug|Any CPU
		{1260A73D-D28C-4BA8-A60B-446F54FBE376}.Release|Any CPU.ActiveCfg = Release|Any CPU
		{1260A73D-D28C-4BA8-A60B-446F54FBE376}.Release|Any CPU.Build.0 = Release|Any CPU
	EndGlobalSection
	GlobalSection(SolutionProperties) = preSolution
		HideSolutionNode = FALSE
	EndGlobalSection
	GlobalSection(ExtensibilityGlobals) = postSolution
		SolutionGuid = {03DF1D19-2E28-441D-9BB8-74CB877B5EE7}
	EndGlobalSection
EndGlobal
